// !$*UTF8*$!
{
	archiveVersion = 1;
	classes = {
	};
	objectVersion = 46;
	objects = {

/* Begin PBXBuildFile section */
		26E1F99C1D75E84164973361 /* Pods_ClassRobTests.framework in Frameworks */ = {isa = PBXBuildFile; fileRef = F701176761484630E3D3C66A /* Pods_ClassRobTests.framework */; };
		29C8ACC0ADFB996A647A8378 /* Pods_ClassRob.framework in Frameworks */ = {isa = PBXBuildFile; fileRef = C0045AE4AFFFC9AE91828F17 /* Pods_ClassRob.framework */; };
		90402AD01EA67F51001E420F /* CourseDetail.storyboard in Resources */ = {isa = PBXBuildFile; fileRef = 90402ACF1EA67F51001E420F /* CourseDetail.storyboard */; };
		90402AD31EA685C4001E420F /* CourseDetailController.swift in Sources */ = {isa = PBXBuildFile; fileRef = 90402AD21EA685C4001E420F /* CourseDetailController.swift */; };
		90402AD51EA6FD92001E420F /* CourseDetail.swift in Sources */ = {isa = PBXBuildFile; fileRef = 90402AD41EA6FD92001E420F /* CourseDetail.swift */; };
		904259EE1EAB94AA00664D9B /* CourseListRootView.storyboard in Resources */ = {isa = PBXBuildFile; fileRef = 904259ED1EAB94AA00664D9B /* CourseListRootView.storyboard */; };
		904259F01EABDBCD00664D9B /* WebViewController.swift in Sources */ = {isa = PBXBuildFile; fileRef = 904259EF1EABDBCD00664D9B /* WebViewController.swift */; };
		904259F21EAC6AA200664D9B /* CommentCell.swift in Sources */ = {isa = PBXBuildFile; fileRef = 904259F11EAC6AA200664D9B /* CommentCell.swift */; };
		906A696B1EA9ADD700FE6671 /* CourseList.storyboard in Resources */ = {isa = PBXBuildFile; fileRef = 906A696A1EA9ADD700FE6671 /* CourseList.storyboard */; };
		906A696F1EA9E45F00FE6671 /* CourseListViewController.swift in Sources */ = {isa = PBXBuildFile; fileRef = 906A696E1EA9E45F00FE6671 /* CourseListViewController.swift */; };
		906A69711EA9E54800FE6671 /* CourseCell.swift in Sources */ = {isa = PBXBuildFile; fileRef = 906A69701EA9E54800FE6671 /* CourseCell.swift */; };
		9077F5501E8A7ED00034192C /* FavoriteViewController.swift in Sources */ = {isa = PBXBuildFile; fileRef = 9077F54F1E8A7ED00034192C /* FavoriteViewController.swift */; };
		9077F5531E8A833B0034192C /* libsqlite3.0.tbd in Frameworks */ = {isa = PBXBuildFile; fileRef = 9077F5521E8A833B0034192C /* libsqlite3.0.tbd */; };
		9077F5561E8B54E50034192C /* course.db in Resources */ = {isa = PBXBuildFile; fileRef = 9077F5551E8B54E50034192C /* course.db */; };
		907C71B61E7970D200FC41D6 /* AppDelegate.swift in Sources */ = {isa = PBXBuildFile; fileRef = 907C71B51E7970D200FC41D6 /* AppDelegate.swift */; };
		907C71B81E7970D200FC41D6 /* SearchViewController.swift in Sources */ = {isa = PBXBuildFile; fileRef = 907C71B71E7970D200FC41D6 /* SearchViewController.swift */; };
		907C71BD1E7970D200FC41D6 /* Main.storyboard in Resources */ = {isa = PBXBuildFile; fileRef = 907C71BB1E7970D200FC41D6 /* Main.storyboard */; };
		907C71BF1E7970D200FC41D6 /* Assets.xcassets in Resources */ = {isa = PBXBuildFile; fileRef = 907C71BE1E7970D200FC41D6 /* Assets.xcassets */; };
		907C71C21E7970D200FC41D6 /* LaunchScreen.storyboard in Resources */ = {isa = PBXBuildFile; fileRef = 907C71C01E7970D200FC41D6 /* LaunchScreen.storyboard */; };
		907C71CD1E7970D200FC41D6 /* ClassRobTests.swift in Sources */ = {isa = PBXBuildFile; fileRef = 907C71CC1E7970D200FC41D6 /* ClassRobTests.swift */; };
		907C71D81E7A391400FC41D6 /* NewsCell.swift in Sources */ = {isa = PBXBuildFile; fileRef = 907C71D71E7A391400FC41D6 /* NewsCell.swift */; };
		907C71DC1E7A658900FC41D6 /* News.swift in Sources */ = {isa = PBXBuildFile; fileRef = 907C71DB1E7A658900FC41D6 /* News.swift */; };
		907C71DE1E7BA35B00FC41D6 /* NewsViewController.swift in Sources */ = {isa = PBXBuildFile; fileRef = 907C71DD1E7BA35B00FC41D6 /* NewsViewController.swift */; };
		90F255591E863BBA00D10823 /* NewsTab.storyboard in Resources */ = {isa = PBXBuildFile; fileRef = 90F255571E863BBA00D10823 /* NewsTab.storyboard */; };
		90F2555B1E863C3200D10823 /* Search.storyboard in Resources */ = {isa = PBXBuildFile; fileRef = 90F2555A1E863C3200D10823 /* Search.storyboard */; };
		90F2555F1E863C8700D10823 /* Favorite.storyboard in Resources */ = {isa = PBXBuildFile; fileRef = 90F2555D1E863C8700D10823 /* Favorite.storyboard */; };
/* End PBXBuildFile section */

/* Begin PBXContainerItemProxy section */
		907C71C91E7970D200FC41D6 /* PBXContainerItemProxy */ = {
			isa = PBXContainerItemProxy;
			containerPortal = 907C71AA1E7970D100FC41D6 /* Project object */;
			proxyType = 1;
			remoteGlobalIDString = 907C71B11E7970D200FC41D6;
			remoteInfo = ClassRob;
		};
/* End PBXContainerItemProxy section */

/* Begin PBXFileReference section */
		4302AFA751D525F71DF014AD /* Pods-ClassRob.release.xcconfig */ = {isa = PBXFileReference; includeInIndex = 1; lastKnownFileType = text.xcconfig; name = "Pods-ClassRob.release.xcconfig"; path = "Pods/Target Support Files/Pods-ClassRob/Pods-ClassRob.release.xcconfig"; sourceTree = "<group>"; };
		66A54FD2E821B35566F8B94C /* Pods-ClassRob.debug.xcconfig */ = {isa = PBXFileReference; includeInIndex = 1; lastKnownFileType = text.xcconfig; name = "Pods-ClassRob.debug.xcconfig"; path = "Pods/Target Support Files/Pods-ClassRob/Pods-ClassRob.debug.xcconfig"; sourceTree = "<group>"; };
		90402ACF1EA67F51001E420F /* CourseDetail.storyboard */ = {isa = PBXFileReference; fileEncoding = 4; lastKnownFileType = file.storyboard; path = CourseDetail.storyboard; sourceTree = "<group>"; };
		90402AD21EA685C4001E420F /* CourseDetailController.swift */ = {isa = PBXFileReference; fileEncoding = 4; lastKnownFileType = sourcecode.swift; path = CourseDetailController.swift; sourceTree = "<group>"; };
		90402AD41EA6FD92001E420F /* CourseDetail.swift */ = {isa = PBXFileReference; fileEncoding = 4; lastKnownFileType = sourcecode.swift; path = CourseDetail.swift; sourceTree = "<group>"; };
		904259ED1EAB94AA00664D9B /* CourseListRootView.storyboard */ = {isa = PBXFileReference; fileEncoding = 4; lastKnownFileType = file.storyboard; path = CourseListRootView.storyboard; sourceTree = "<group>"; };
		904259EF1EABDBCD00664D9B /* WebViewController.swift */ = {isa = PBXFileReference; fileEncoding = 4; lastKnownFileType = sourcecode.swift; path = WebViewController.swift; sourceTree = "<group>"; };
		904259F11EAC6AA200664D9B /* CommentCell.swift */ = {isa = PBXFileReference; fileEncoding = 4; lastKnownFileType = sourcecode.swift; path = CommentCell.swift; sourceTree = "<group>"; };
		906A696A1EA9ADD700FE6671 /* CourseList.storyboard */ = {isa = PBXFileReference; fileEncoding = 4; lastKnownFileType = file.storyboard; path = CourseList.storyboard; sourceTree = "<group>"; };
		906A696E1EA9E45F00FE6671 /* CourseListViewController.swift */ = {isa = PBXFileReference; fileEncoding = 4; lastKnownFileType = sourcecode.swift; path = CourseListViewController.swift; sourceTree = "<group>"; };
		906A69701EA9E54800FE6671 /* CourseCell.swift */ = {isa = PBXFileReference; fileEncoding = 4; lastKnownFileType = sourcecode.swift; path = CourseCell.swift; sourceTree = "<group>"; };
		9077F54F1E8A7ED00034192C /* FavoriteViewController.swift */ = {isa = PBXFileReference; fileEncoding = 4; lastKnownFileType = sourcecode.swift; path = FavoriteViewController.swift; sourceTree = "<group>"; };
		9077F5521E8A833B0034192C /* libsqlite3.0.tbd */ = {isa = PBXFileReference; lastKnownFileType = "sourcecode.text-based-dylib-definition"; name = libsqlite3.0.tbd; path = usr/lib/libsqlite3.0.tbd; sourceTree = SDKROOT; };
		9077F5551E8B54E50034192C /* course.db */ = {isa = PBXFileReference; lastKnownFileType = file; path = course.db; sourceTree = "<group>"; };
		907C71B21E7970D200FC41D6 /* ClassRob.app */ = {isa = PBXFileReference; explicitFileType = wrapper.application; includeInIndex = 0; path = ClassRob.app; sourceTree = BUILT_PRODUCTS_DIR; };
		907C71B51E7970D200FC41D6 /* AppDelegate.swift */ = {isa = PBXFileReference; lastKnownFileType = sourcecode.swift; path = AppDelegate.swift; sourceTree = "<group>"; };
		907C71B71E7970D200FC41D6 /* SearchViewController.swift */ = {isa = PBXFileReference; lastKnownFileType = sourcecode.swift; path = SearchViewController.swift; sourceTree = "<group>"; };
		907C71BC1E7970D200FC41D6 /* Base */ = {isa = PBXFileReference; lastKnownFileType = file.storyboard; name = Base; path = Base.lproj/Main.storyboard; sourceTree = "<group>"; };
		907C71BE1E7970D200FC41D6 /* Assets.xcassets */ = {isa = PBXFileReference; lastKnownFileType = folder.assetcatalog; path = Assets.xcassets; sourceTree = "<group>"; };
		907C71C11E7970D200FC41D6 /* Base */ = {isa = PBXFileReference; lastKnownFileType = file.storyboard; name = Base; path = Base.lproj/LaunchScreen.storyboard; sourceTree = "<group>"; };
		907C71C31E7970D200FC41D6 /* Info.plist */ = {isa = PBXFileReference; lastKnownFileType = text.plist.xml; path = Info.plist; sourceTree = "<group>"; };
		907C71C81E7970D200FC41D6 /* ClassRobTests.xctest */ = {isa = PBXFileReference; explicitFileType = wrapper.cfbundle; includeInIndex = 0; path = ClassRobTests.xctest; sourceTree = BUILT_PRODUCTS_DIR; };
		907C71CC1E7970D200FC41D6 /* ClassRobTests.swift */ = {isa = PBXFileReference; lastKnownFileType = sourcecode.swift; path = ClassRobTests.swift; sourceTree = "<group>"; };
		907C71CE1E7970D200FC41D6 /* Info.plist */ = {isa = PBXFileReference; lastKnownFileType = text.plist.xml; path = Info.plist; sourceTree = "<group>"; };
		907C71D71E7A391400FC41D6 /* NewsCell.swift */ = {isa = PBXFileReference; fileEncoding = 4; lastKnownFileType = sourcecode.swift; path = NewsCell.swift; sourceTree = "<group>"; };
		907C71DB1E7A658900FC41D6 /* News.swift */ = {isa = PBXFileReference; fileEncoding = 4; lastKnownFileType = sourcecode.swift; path = News.swift; sourceTree = "<group>"; };
		907C71DD1E7BA35B00FC41D6 /* NewsViewController.swift */ = {isa = PBXFileReference; fileEncoding = 4; lastKnownFileType = sourcecode.swift; path = NewsViewController.swift; sourceTree = "<group>"; };
		90F255581E863BBA00D10823 /* Base */ = {isa = PBXFileReference; lastKnownFileType = file.storyboard; name = Base; path = Base.lproj/NewsTab.storyboard; sourceTree = "<group>"; };
		90F2555A1E863C3200D10823 /* Search.storyboard */ = {isa = PBXFileReference; fileEncoding = 4; lastKnownFileType = file.storyboard; path = Search.storyboard; sourceTree = "<group>"; };
		90F2555E1E863C8700D10823 /* Base */ = {isa = PBXFileReference; lastKnownFileType = file.storyboard; name = Base; path = Base.lproj/Favorite.storyboard; sourceTree = "<group>"; };
		9CFF635D27086F2A31B412F1 /* Pods-ClassRobTests.debug.xcconfig */ = {isa = PBXFileReference; includeInIndex = 1; lastKnownFileType = text.xcconfig; name = "Pods-ClassRobTests.debug.xcconfig"; path = "Pods/Target Support Files/Pods-ClassRobTests/Pods-ClassRobTests.debug.xcconfig"; sourceTree = "<group>"; };
		B92E207CB1D45B4CEA09A87E /* Pods-ClassRobTests.release.xcconfig */ = {isa = PBXFileReference; includeInIndex = 1; lastKnownFileType = text.xcconfig; name = "Pods-ClassRobTests.release.xcconfig"; path = "Pods/Target Support Files/Pods-ClassRobTests/Pods-ClassRobTests.release.xcconfig"; sourceTree = "<group>"; };
		C0045AE4AFFFC9AE91828F17 /* Pods_ClassRob.framework */ = {isa = PBXFileReference; explicitFileType = wrapper.framework; includeInIndex = 0; path = Pods_ClassRob.framework; sourceTree = BUILT_PRODUCTS_DIR; };
		F701176761484630E3D3C66A /* Pods_ClassRobTests.framework */ = {isa = PBXFileReference; explicitFileType = wrapper.framework; includeInIndex = 0; path = Pods_ClassRobTests.framework; sourceTree = BUILT_PRODUCTS_DIR; };
/* End PBXFileReference section */

/* Begin PBXFrameworksBuildPhase section */
		907C71AF1E7970D200FC41D6 /* Frameworks */ = {
			isa = PBXFrameworksBuildPhase;
			buildActionMask = 2147483647;
			files = (
				9077F5531E8A833B0034192C /* libsqlite3.0.tbd in Frameworks */,
				29C8ACC0ADFB996A647A8378 /* Pods_ClassRob.framework in Frameworks */,
			);
			runOnlyForDeploymentPostprocessing = 0;
		};
		907C71C51E7970D200FC41D6 /* Frameworks */ = {
			isa = PBXFrameworksBuildPhase;
			buildActionMask = 2147483647;
			files = (
				26E1F99C1D75E84164973361 /* Pods_ClassRobTests.framework in Frameworks */,
			);
			runOnlyForDeploymentPostprocessing = 0;
		};
/* End PBXFrameworksBuildPhase section */

/* Begin PBXGroup section */
		90402AD11EA6855F001E420F /* CourseDetail */ = {
			isa = PBXGroup;
			children = (
				90402ACF1EA67F51001E420F /* CourseDetail.storyboard */,
				90402AD21EA685C4001E420F /* CourseDetailController.swift */,
				90402AD41EA6FD92001E420F /* CourseDetail.swift */,
				906A696A1EA9ADD700FE6671 /* CourseList.storyboard */,
				904259ED1EAB94AA00664D9B /* CourseListRootView.storyboard */,
				906A696E1EA9E45F00FE6671 /* CourseListViewController.swift */,
				906A69701EA9E54800FE6671 /* CourseCell.swift */,
				904259F11EAC6AA200664D9B /* CommentCell.swift */,
			);
			name = CourseDetail;
			sourceTree = "<group>";
		};
		9077F5511E8A833A0034192C /* Frameworks */ = {
			isa = PBXGroup;
			children = (
				9077F5521E8A833B0034192C /* libsqlite3.0.tbd */,
				C0045AE4AFFFC9AE91828F17 /* Pods_ClassRob.framework */,
				F701176761484630E3D3C66A /* Pods_ClassRobTests.framework */,
			);
			name = Frameworks;
			sourceTree = "<group>";
		};
		907C71A91E7970D100FC41D6 = {
			isa = PBXGroup;
			children = (
				9077F5551E8B54E50034192C /* course.db */,
				907C71B41E7970D200FC41D6 /* ClassRob */,
				907C71CB1E7970D200FC41D6 /* ClassRobTests */,
				907C71B31E7970D200FC41D6 /* Products */,
				9077F5511E8A833A0034192C /* Frameworks */,
				A78CB342D355F37C04C2C3BB /* Pods */,
			);
			sourceTree = "<group>";
		};
		907C71B31E7970D200FC41D6 /* Products */ = {
			isa = PBXGroup;
			children = (
				907C71B21E7970D200FC41D6 /* ClassRob.app */,
				907C71C81E7970D200FC41D6 /* ClassRobTests.xctest */,
			);
			name = Products;
			sourceTree = "<group>";
		};
		907C71B41E7970D200FC41D6 /* ClassRob */ = {
			isa = PBXGroup;
			children = (
				90402AD11EA6855F001E420F /* CourseDetail */,
				90F2555C1E863C5300D10823 /* SearchTab */,
				90F255561E86395E00D10823 /* NewsTab */,
				90F255621E863D2500D10823 /* FavoriteTab */,
				907C71B51E7970D200FC41D6 /* AppDelegate.swift */,
				907C71BB1E7970D200FC41D6 /* Main.storyboard */,
				907C71BE1E7970D200FC41D6 /* Assets.xcassets */,
				907C71C01E7970D200FC41D6 /* LaunchScreen.storyboard */,
				907C71C31E7970D200FC41D6 /* Info.plist */,
			);
			path = ClassRob;
			sourceTree = "<group>";
		};
		907C71CB1E7970D200FC41D6 /* ClassRobTests */ = {
			isa = PBXGroup;
			children = (
				907C71CC1E7970D200FC41D6 /* ClassRobTests.swift */,
				907C71CE1E7970D200FC41D6 /* Info.plist */,
			);
			path = ClassRobTests;
			sourceTree = "<group>";
		};
		90F255561E86395E00D10823 /* NewsTab */ = {
			isa = PBXGroup;
			children = (
				90F255571E863BBA00D10823 /* NewsTab.storyboard */,
				907C71DD1E7BA35B00FC41D6 /* NewsViewController.swift */,
				907C71D71E7A391400FC41D6 /* NewsCell.swift */,
				907C71DB1E7A658900FC41D6 /* News.swift */,
				904259EF1EABDBCD00664D9B /* WebViewController.swift */,
			);
			name = NewsTab;
			sourceTree = "<group>";
		};
		90F2555C1E863C5300D10823 /* SearchTab */ = {
			isa = PBXGroup;
			children = (
				907C71B71E7970D200FC41D6 /* SearchViewController.swift */,
				90F2555A1E863C3200D10823 /* Search.storyboard */,
			);
			name = SearchTab;
			sourceTree = "<group>";
		};
		90F255621E863D2500D10823 /* FavoriteTab */ = {
			isa = PBXGroup;
			children = (
				90F2555D1E863C8700D10823 /* Favorite.storyboard */,
				9077F54F1E8A7ED00034192C /* FavoriteViewController.swift */,
			);
			name = FavoriteTab;
			sourceTree = "<group>";
		};
		A78CB342D355F37C04C2C3BB /* Pods */ = {
			isa = PBXGroup;
			children = (
				66A54FD2E821B35566F8B94C /* Pods-ClassRob.debug.xcconfig */,
				4302AFA751D525F71DF014AD /* Pods-ClassRob.release.xcconfig */,
				9CFF635D27086F2A31B412F1 /* Pods-ClassRobTests.debug.xcconfig */,
				B92E207CB1D45B4CEA09A87E /* Pods-ClassRobTests.release.xcconfig */,
			);
			name = Pods;
			sourceTree = "<group>";
		};
/* End PBXGroup section */

/* Begin PBXNativeTarget section */
		907C71B11E7970D200FC41D6 /* ClassRob */ = {
			isa = PBXNativeTarget;
			buildConfigurationList = 907C71D11E7970D200FC41D6 /* Build configuration list for PBXNativeTarget "ClassRob" */;
			buildPhases = (
				E6A9A208CCCDECE3F9988BCF /* [CP] Check Pods Manifest.lock */,
				907C71AE1E7970D200FC41D6 /* Sources */,
				907C71AF1E7970D200FC41D6 /* Frameworks */,
				907C71B01E7970D200FC41D6 /* Resources */,
				C1858A5C945901A1F8E1B378 /* [CP] Embed Pods Frameworks */,
				1A5760AEF14EFE316389AB61 /* [CP] Copy Pods Resources */,
			);
			buildRules = (
			);
			dependencies = (
			);
			name = ClassRob;
			productName = ClassRob;
			productReference = 907C71B21E7970D200FC41D6 /* ClassRob.app */;
			productType = "com.apple.product-type.application";
		};
		907C71C71E7970D200FC41D6 /* ClassRobTests */ = {
			isa = PBXNativeTarget;
			buildConfigurationList = 907C71D41E7970D200FC41D6 /* Build configuration list for PBXNativeTarget "ClassRobTests" */;
			buildPhases = (
				8503B5C799D815DE1E4A0EFB /* [CP] Check Pods Manifest.lock */,
				907C71C41E7970D200FC41D6 /* Sources */,
				907C71C51E7970D200FC41D6 /* Frameworks */,
				907C71C61E7970D200FC41D6 /* Resources */,
				C34D6A04F78AC615A4AADD52 /* [CP] Embed Pods Frameworks */,
				C541C09481C181A8C5BFC98C /* [CP] Copy Pods Resources */,
			);
			buildRules = (
			);
			dependencies = (
				907C71CA1E7970D200FC41D6 /* PBXTargetDependency */,
			);
			name = ClassRobTests;
			productName = ClassRobTests;
			productReference = 907C71C81E7970D200FC41D6 /* ClassRobTests.xctest */;
			productType = "com.apple.product-type.bundle.unit-test";
		};
/* End PBXNativeTarget section */

/* Begin PBXProject section */
		907C71AA1E7970D100FC41D6 /* Project object */ = {
			isa = PBXProject;
			attributes = {
				LastSwiftUpdateCheck = 0820;
				LastUpgradeCheck = 0820;
				ORGANIZATIONNAME = lcdtyph;
				TargetAttributes = {
					907C71B11E7970D200FC41D6 = {
						CreatedOnToolsVersion = 8.2.1;
						DevelopmentTeam = R5NJT7NUJA;
						ProvisioningStyle = Automatic;
					};
					907C71C71E7970D200FC41D6 = {
						CreatedOnToolsVersion = 8.2.1;
						ProvisioningStyle = Automatic;
						TestTargetID = 907C71B11E7970D200FC41D6;
					};
				};
			};
			buildConfigurationList = 907C71AD1E7970D100FC41D6 /* Build configuration list for PBXProject "ClassRob" */;
			compatibilityVersion = "Xcode 3.2";
			developmentRegion = English;
			hasScannedForEncodings = 0;
			knownRegions = (
				en,
				Base,
			);
			mainGroup = 907C71A91E7970D100FC41D6;
			productRefGroup = 907C71B31E7970D200FC41D6 /* Products */;
			projectDirPath = "";
			projectRoot = "";
			targets = (
				907C71B11E7970D200FC41D6 /* ClassRob */,
				907C71C71E7970D200FC41D6 /* ClassRobTests */,
			);
		};
/* End PBXProject section */

/* Begin PBXResourcesBuildPhase section */
		907C71B01E7970D200FC41D6 /* Resources */ = {
			isa = PBXResourcesBuildPhase;
			buildActionMask = 2147483647;
			files = (
				9077F5561E8B54E50034192C /* course.db in Resources */,
				907C71C21E7970D200FC41D6 /* LaunchScreen.storyboard in Resources */,
				90F255591E863BBA00D10823 /* NewsTab.storyboard in Resources */,
				907C71BF1E7970D200FC41D6 /* Assets.xcassets in Resources */,
				904259EE1EAB94AA00664D9B /* CourseListRootView.storyboard in Resources */,
				907C71BD1E7970D200FC41D6 /* Main.storyboard in Resources */,
				906A696B1EA9ADD700FE6671 /* CourseList.storyboard in Resources */,
				90F2555F1E863C8700D10823 /* Favorite.storyboard in Resources */,
				90402AD01EA67F51001E420F /* CourseDetail.storyboard in Resources */,
				90F2555B1E863C3200D10823 /* Search.storyboard in Resources */,
			);
			runOnlyForDeploymentPostprocessing = 0;
		};
		907C71C61E7970D200FC41D6 /* Resources */ = {
			isa = PBXResourcesBuildPhase;
			buildActionMask = 2147483647;
			files = (
			);
			runOnlyForDeploymentPostprocessing = 0;
		};
/* End PBXResourcesBuildPhase section */

/* Begin PBXShellScriptBuildPhase section */
		1A5760AEF14EFE316389AB61 /* [CP] Copy Pods Resources */ = {
			isa = PBXShellScriptBuildPhase;
			buildActionMask = 2147483647;
			files = (
			);
			inputPaths = (
			);
			name = "[CP] Copy Pods Resources";
			outputPaths = (
			);
			runOnlyForDeploymentPostprocessing = 0;
			shellPath = /bin/sh;
			shellScript = "\"${SRCROOT}/Pods/Target Support Files/Pods-ClassRob/Pods-ClassRob-resources.sh\"\n";
			showEnvVarsInLog = 0;
		};
		8503B5C799D815DE1E4A0EFB /* [CP] Check Pods Manifest.lock */ = {
			isa = PBXShellScriptBuildPhase;
			buildActionMask = 2147483647;
			files = (
			);
			inputPaths = (
			);
			name = "[CP] Check Pods Manifest.lock";
			outputPaths = (
			);
			runOnlyForDeploymentPostprocessing = 0;
			shellPath = /bin/sh;
			shellScript = "diff \"${PODS_ROOT}/../Podfile.lock\" \"${PODS_ROOT}/Manifest.lock\" > /dev/null\nif [ $? != 0 ] ; then\n    # print error to STDERR\n    echo \"error: The sandbox is not in sync with the Podfile.lock. Run 'pod install' or update your CocoaPods installation.\" >&2\n    exit 1\nfi\n";
			showEnvVarsInLog = 0;
		};
		C1858A5C945901A1F8E1B378 /* [CP] Embed Pods Frameworks */ = {
			isa = PBXShellScriptBuildPhase;
			buildActionMask = 2147483647;
			files = (
			);
			inputPaths = (
			);
			name = "[CP] Embed Pods Frameworks";
			outputPaths = (
			);
			runOnlyForDeploymentPostprocessing = 0;
			shellPath = /bin/sh;
			shellScript = "\"${SRCROOT}/Pods/Target Support Files/Pods-ClassRob/Pods-ClassRob-frameworks.sh\"\n";
			showEnvVarsInLog = 0;
		};
		C34D6A04F78AC615A4AADD52 /* [CP] Embed Pods Frameworks */ = {
			isa = PBXShellScriptBuildPhase;
			buildActionMask = 2147483647;
			files = (
			);
			inputPaths = (
			);
			name = "[CP] Embed Pods Frameworks";
			outputPaths = (
			);
			runOnlyForDeploymentPostprocessing = 0;
			shellPath = /bin/sh;
			shellScript = "\"${SRCROOT}/Pods/Target Support Files/Pods-ClassRobTests/Pods-ClassRobTests-frameworks.sh\"\n";
			showEnvVarsInLog = 0;
		};
		C541C09481C181A8C5BFC98C /* [CP] Copy Pods Resources */ = {
			isa = PBXShellScriptBuildPhase;
			buildActionMask = 2147483647;
			files = (
			);
			inputPaths = (
			);
			name = "[CP] Copy Pods Resources";
			outputPaths = (
			);
			runOnlyForDeploymentPostprocessing = 0;
			shellPath = /bin/sh;
			shellScript = "\"${SRCROOT}/Pods/Target Support Files/Pods-ClassRobTests/Pods-ClassRobTests-resources.sh\"\n";
			showEnvVarsInLog = 0;
		};
		E6A9A208CCCDECE3F9988BCF /* [CP] Check Pods Manifest.lock */ = {
			isa = PBXShellScriptBuildPhase;
			buildActionMask = 2147483647;
			files = (
			);
			inputPaths = (
			);
			name = "[CP] Check Pods Manifest.lock";
			outputPaths = (
			);
			runOnlyForDeploymentPostprocessing = 0;
			shellPath = /bin/sh;
			shellScript = "diff \"${PODS_ROOT}/../Podfile.lock\" \"${PODS_ROOT}/Manifest.lock\" > /dev/null\nif [ $? != 0 ] ; then\n    # print error to STDERR\n    echo \"error: The sandbox is not in sync with the Podfile.lock. Run 'pod install' or update your CocoaPods installation.\" >&2\n    exit 1\nfi\n";
			showEnvVarsInLog = 0;
		};
/* End PBXShellScriptBuildPhase section */

/* Begin PBXSourcesBuildPhase section */
		907C71AE1E7970D200FC41D6 /* Sources */ = {
			isa = PBXSourcesBuildPhase;
			buildActionMask = 2147483647;
			files = (
				90402AD51EA6FD92001E420F /* CourseDetail.swift in Sources */,
				904259F01EABDBCD00664D9B /* WebViewController.swift in Sources */,
				906A696F1EA9E45F00FE6671 /* CourseListViewController.swift in Sources */,
				907C71DC1E7A658900FC41D6 /* News.swift in Sources */,
				906A69711EA9E54800FE6671 /* CourseCell.swift in Sources */,
				907C71D81E7A391400FC41D6 /* NewsCell.swift in Sources */,
				907C71DE1E7BA35B00FC41D6 /* NewsViewController.swift in Sources */,
				90402AD31EA685C4001E420F /* CourseDetailController.swift in Sources */,
				907C71B61E7970D200FC41D6 /* AppDelegate.swift in Sources */,
				9077F5501E8A7ED00034192C /* FavoriteViewController.swift in Sources */,
				907C71B81E7970D200FC41D6 /* SearchViewController.swift in Sources */,
				904259F21EAC6AA200664D9B /* CommentCell.swift in Sources */,
			);
			runOnlyForDeploymentPostprocessing = 0;
		};
		907C71C41E7970D200FC41D6 /* Sources */ = {
			isa = PBXSourcesBuildPhase;
			buildActionMask = 2147483647;
			files = (
				907C71CD1E7970D200FC41D6 /* ClassRobTests.swift in Sources */,
			);
			runOnlyForDeploymentPostprocessing = 0;
		};
/* End PBXSourcesBuildPhase section */

/* Begin PBXTargetDependency section */
		907C71CA1E7970D200FC41D6 /* PBXTargetDependency */ = {
			isa = PBXTargetDependency;
			target = 907C71B11E7970D200FC41D6 /* ClassRob */;
			targetProxy = 907C71C91E7970D200FC41D6 /* PBXContainerItemProxy */;
		};
/* End PBXTargetDependency section */

/* Begin PBXVariantGroup section */
		907C71BB1E7970D200FC41D6 /* Main.storyboard */ = {
			isa = PBXVariantGroup;
			children = (
				907C71BC1E7970D200FC41D6 /* Base */,
			);
			name = Main.storyboard;
			sourceTree = "<group>";
		};
		907C71C01E7970D200FC41D6 /* LaunchScreen.storyboard */ = {
			isa = PBXVariantGroup;
			children = (
				907C71C11E7970D200FC41D6 /* Base */,
			);
			name = LaunchScreen.storyboard;
			sourceTree = "<group>";
		};
		90F255571E863BBA00D10823 /* NewsTab.storyboard */ = {
			isa = PBXVariantGroup;
			children = (
				90F255581E863BBA00D10823 /* Base */,
			);
			name = NewsTab.storyboard;
			sourceTree = "<group>";
		};
		90F2555D1E863C8700D10823 /* Favorite.storyboard */ = {
			isa = PBXVariantGroup;
			children = (
				90F2555E1E863C8700D10823 /* Base */,
			);
			name = Favorite.storyboard;
			sourceTree = "<group>";
		};
/* End PBXVariantGroup section */

/* Begin XCBuildConfiguration section */
		907C71CF1E7970D200FC41D6 /* Debug */ = {
			isa = XCBuildConfiguration;
			buildSettings = {
				ALWAYS_SEARCH_USER_PATHS = NO;
				CLANG_ANALYZER_NONNULL = YES;
				CLANG_CXX_LANGUAGE_STANDARD = "gnu++0x";
				CLANG_CXX_LIBRARY = "libc++";
				CLANG_ENABLE_MODULES = YES;
				CLANG_ENABLE_OBJC_ARC = YES;
				CLANG_WARN_BOOL_CONVERSION = YES;
				CLANG_WARN_CONSTANT_CONVERSION = YES;
				CLANG_WARN_DIRECT_OBJC_ISA_USAGE = YES_ERROR;
				CLANG_WARN_DOCUMENTATION_COMMENTS = YES;
				CLANG_WARN_EMPTY_BODY = YES;
				CLANG_WARN_ENUM_CONVERSION = YES;
				CLANG_WARN_INFINITE_RECURSION = YES;
				CLANG_WARN_INT_CONVERSION = YES;
				CLANG_WARN_OBJC_ROOT_CLASS = YES_ERROR;
				CLANG_WARN_SUSPICIOUS_MOVE = YES;
				CLANG_WARN_UNREACHABLE_CODE = YES;
				CLANG_WARN__DUPLICATE_METHOD_MATCH = YES;
				"CODE_SIGN_IDENTITY[sdk=iphoneos*]" = "iPhone Developer";
				COPY_PHASE_STRIP = NO;
				DEBUG_INFORMATION_FORMAT = dwarf;
				ENABLE_STRICT_OBJC_MSGSEND = YES;
				ENABLE_TESTABILITY = YES;
				GCC_C_LANGUAGE_STANDARD = gnu99;
				GCC_DYNAMIC_NO_PIC = NO;
				GCC_NO_COMMON_BLOCKS = YES;
				GCC_OPTIMIZATION_LEVEL = 0;
				GCC_PREPROCESSOR_DEFINITIONS = (
					"DEBUG=1",
					"$(inherited)",
				);
				GCC_WARN_64_TO_32_BIT_CONVERSION = YES;
				GCC_WARN_ABOUT_RETURN_TYPE = YES_ERROR;
				GCC_WARN_UNDECLARED_SELECTOR = YES;
				GCC_WARN_UNINITIALIZED_AUTOS = YES_AGGRESSIVE;
				GCC_WARN_UNUSED_FUNCTION = YES;
				GCC_WARN_UNUSED_VARIABLE = YES;
				IPHONEOS_DEPLOYMENT_TARGET = 10.2;
				MTL_ENABLE_DEBUG_INFO = YES;
				ONLY_ACTIVE_ARCH = YES;
				SDKROOT = iphoneos;
				SWIFT_ACTIVE_COMPILATION_CONDITIONS = DEBUG;
				SWIFT_OPTIMIZATION_LEVEL = "-Onone";
				TARGETED_DEVICE_FAMILY = "1,2";
			};
			name = Debug;
		};
		907C71D01E7970D200FC41D6 /* Release */ = {
			isa = XCBuildConfiguration;
			buildSettings = {
				ALWAYS_SEARCH_USER_PATHS = NO;
				CLANG_ANALYZER_NONNULL = YES;
				CLANG_CXX_LANGUAGE_STANDARD = "gnu++0x";
				CLANG_CXX_LIBRARY = "libc++";
				CLANG_ENABLE_MODULES = YES;
				CLANG_ENABLE_OBJC_ARC = YES;
				CLANG_WARN_BOOL_CONVERSION = YES;
				CLANG_WARN_CONSTANT_CONVERSION = YES;
				CLANG_WARN_DIRECT_OBJC_ISA_USAGE = YES_ERROR;
				CLANG_WARN_DOCUMENTATION_COMMENTS = YES;
				CLANG_WARN_EMPTY_BODY = YES;
				CLANG_WARN_ENUM_CONVERSION = YES;
				CLANG_WARN_INFINITE_RECURSION = YES;
				CLANG_WARN_INT_CONVERSION = YES;
				CLANG_WARN_OBJC_ROOT_CLASS = YES_ERROR;
				CLANG_WARN_SUSPICIOUS_MOVE = YES;
				CLANG_WARN_UNREACHABLE_CODE = YES;
				CLANG_WARN__DUPLICATE_METHOD_MATCH = YES;
				"CODE_SIGN_IDENTITY[sdk=iphoneos*]" = "iPhone Developer";
				COPY_PHASE_STRIP = NO;
				DEBUG_INFORMATION_FORMAT = "dwarf-with-dsym";
				ENABLE_NS_ASSERTIONS = NO;
				ENABLE_STRICT_OBJC_MSGSEND = YES;
				GCC_C_LANGUAGE_STANDARD = gnu99;
				GCC_NO_COMMON_BLOCKS = YES;
				GCC_WARN_64_TO_32_BIT_CONVERSION = YES;
				GCC_WARN_ABOUT_RETURN_TYPE = YES_ERROR;
				GCC_WARN_UNDECLARED_SELECTOR = YES;
				GCC_WARN_UNINITIALIZED_AUTOS = YES_AGGRESSIVE;
				GCC_WARN_UNUSED_FUNCTION = YES;
				GCC_WARN_UNUSED_VARIABLE = YES;
				IPHONEOS_DEPLOYMENT_TARGET = 10.2;
				MTL_ENABLE_DEBUG_INFO = NO;
				SDKROOT = iphoneos;
				SWIFT_OPTIMIZATION_LEVEL = "-Owholemodule";
				TARGETED_DEVICE_FAMILY = "1,2";
				VALIDATE_PRODUCT = YES;
			};
			name = Release;
		};
		907C71D21E7970D200FC41D6 /* Debug */ = {
			isa = XCBuildConfiguration;
			baseConfigurationReference = 66A54FD2E821B35566F8B94C /* Pods-ClassRob.debug.xcconfig */;
			buildSettings = {
				ASSETCATALOG_COMPILER_APPICON_NAME = AppIcon;
				DEVELOPMENT_TEAM = R5NJT7NUJA;
				INFOPLIST_FILE = ClassRob/Info.plist;
				LD_RUNPATH_SEARCH_PATHS = "$(inherited) @executable_path/Frameworks";
				PRODUCT_BUNDLE_IDENTIFIER = com.lcdtyph.ClassRob;
				PRODUCT_NAME = "$(TARGET_NAME)";
				SWIFT_OBJC_BRIDGING_HEADER = "";
				SWIFT_VERSION = 3.0;
			};
			name = Debug;
		};
		907C71D31E7970D200FC41D6 /* Release */ = {
			isa = XCBuildConfiguration;
			baseConfigurationReference = 4302AFA751D525F71DF014AD /* Pods-ClassRob.release.xcconfig */;
			buildSettings = {
				ASSETCATALOG_COMPILER_APPICON_NAME = AppIcon;
				DEVELOPMENT_TEAM = R5NJT7NUJA;
				INFOPLIST_FILE = ClassRob/Info.plist;
				LD_RUNPATH_SEARCH_PATHS = "$(inherited) @executable_path/Frameworks";
				PRODUCT_BUNDLE_IDENTIFIER = com.lcdtyph.ClassRob;
				PRODUCT_NAME = "$(TARGET_NAME)";
				SWIFT_OBJC_BRIDGING_HEADER = "";
				SWIFT_VERSION = 3.0;
			};
			name = Release;
		};
		907C71D51E7970D200FC41D6 /* Debug */ = {
			isa = XCBuildConfiguration;
			baseConfigurationReference = 9CFF635D27086F2A31B412F1 /* Pods-ClassRobTests.debug.xcconfig */;
			buildSettings = {
				ALWAYS_EMBED_SWIFT_STANDARD_LIBRARIES = YES;
				BUNDLE_LOADER = "$(TEST_HOST)";
				INFOPLIST_FILE = ClassRobTests/Info.plist;
				LD_RUNPATH_SEARCH_PATHS = "$(inherited) @executable_path/Frameworks @loader_path/Frameworks";
				PRODUCT_BUNDLE_IDENTIFIER = com.lcdtyph.ClassRobTests;
				PRODUCT_NAME = "$(TARGET_NAME)";
				SWIFT_VERSION = 3.0;
				TEST_HOST = "$(BUILT_PRODUCTS_DIR)/ClassRob.app/ClassRob";
			};
			name = Debug;
		};
		907C71D61E7970D200FC41D6 /* Release */ = {
			isa = XCBuildConfiguration;
			baseConfigurationReference = B92E207CB1D45B4CEA09A87E /* Pods-ClassRobTests.release.xcconfig */;
			buildSettings = {
				ALWAYS_EMBED_SWIFT_STANDARD_LIBRARIES = YES;
				BUNDLE_LOADER = "$(TEST_HOST)";
				INFOPLIST_FILE = ClassRobTests/Info.plist;
				LD_RUNPATH_SEARCH_PATHS = "$(inherited) @executable_path/Frameworks @loader_path/Frameworks";
				PRODUCT_BUNDLE_IDENTIFIER = com.lcdtyph.ClassRobTests;
				PRODUCT_NAME = "$(TARGET_NAME)";
				SWIFT_VERSION = 3.0;
				TEST_HOST = "$(BUILT_PRODUCTS_DIR)/ClassRob.app/ClassRob";
			};
			name = Release;
		};
/* End XCBuildConfiguration section */

/* Begin XCConfigurationList section */
		907C71AD1E7970D100FC41D6 /* Build configuration list for PBXProject "ClassRob" */ = {
			isa = XCConfigurationList;
			buildConfigurations = (
				907C71CF1E7970D200FC41D6 /* Debug */,
				907C71D01E7970D200FC41D6 /* Release */,
			);
			defaultConfigurationIsVisible = 0;
			defaultConfigurationName = Release;
		};
		907C71D11E7970D200FC41D6 /* Build configuration list for PBXNativeTarget "ClassRob" */ = {
			isa = XCConfigurationList;
			buildConfigurations = (
				907C71D21E7970D200FC41D6 /* Debug */,
				907C71D31E7970D200FC41D6 /* Release */,
			);
			defaultConfigurationIsVisible = 0;
			defaultConfigurationName = Release;
		};
		907C71D41E7970D200FC41D6 /* Build configuration list for PBXNativeTarget "ClassRobTests" */ = {
			isa = XCConfigurationList;
			buildConfigurations = (
				907C71D51E7970D200FC41D6 /* Debug */,
				907C71D61E7970D200FC41D6 /* Release */,
			);
			defaultConfigurationIsVisible = 0;
			defaultConfigurationName = Release;
		};
/* End XCConfigurationList section */
	};
	rootObject = 907C71AA1E7970D100FC41D6 /* Project object */;
}
